
Microsoft Visual Studio Solution File, Format Version 12.00
# Visual Studio Version 17
VisualStudioVersion = 17.3.32804.467
MinimumVisualStudioVersion = 10.0.40219.1
Project("{9A19103F-16F7-4668-BE54-9A1E7A4F7556}") = "Entities", "Entities\Entities\Entities.csproj", "{9394ACEE-E488-4A49-9333-10DC5318D986}"
EndProject
Project("{9A19103F-16F7-4668-BE54-9A1E7A4F7556}") = "DAL", "DAL\DAL.csproj", "{2E4367A5-7998-4E26-93E9-E22E9BC1BC8E}"
EndProject
Project("{9A19103F-16F7-4668-BE54-9A1E7A4F7556}") = "Backend", "Backend\Backend.csproj", "{D4DACB9A-7AD1-4F62-9FD0-09E0E4C488F8}"
EndProject
Project("{9A19103F-16F7-4668-BE54-9A1E7A4F7556}") = "FrontEnd", "FrontEnd\FrontEnd.csproj", "{788FD5DE-CD4A-4C8B-BCC6-3960BF99B199}"
EndProject
Project("{2150E333-8FDC-42A3-9474-1A3956D46DE8}") = "BD", "BD", "{361CBF47-93C8-4CAC-852E-4443D1E95C26}"
EndProject
Global
	GlobalSection(SolutionConfigurationPlatforms) = preSolution
		Debug|Any CPU = Debug|Any CPU
		Release|Any CPU = Release|Any CPU
	EndGlobalSection
	GlobalSection(ProjectConfigurationPlatforms) = postSolution
		{9394ACEE-E488-4A49-9333-10DC5318D986}.Debug|Any CPU.ActiveCfg = Debug|Any CPU
		{9394ACEE-E488-4A49-9333-10DC5318D986}.Debug|Any CPU.Build.0 = Debug|Any CPU
		{9394ACEE-E488-4A49-9333-10DC5318D986}.Release|Any CPU.ActiveCfg = Release|Any CPU
		{9394ACEE-E488-4A49-9333-10DC5318D986}.Release|Any CPU.Build.0 = Release|Any CPU
		{2E4367A5-7998-4E26-93E9-E22E9BC1BC8E}.Debug|Any CPU.ActiveCfg = Debug|Any CPU
		{2E4367A5-7998-4E26-93E9-E22E9BC1BC8E}.Debug|Any CPU.Build.0 = Debug|Any CPU
		{2E4367A5-7998-4E26-93E9-E22E9BC1BC8E}.Release|Any CPU.ActiveCfg = Release|Any CPU
		{2E4367A5-7998-4E26-93E9-E22E9BC1BC8E}.Release|Any CPU.Build.0 = Release|Any CPU
		{D4DACB9A-7AD1-4F62-9FD0-09E0E4C488F8}.Debug|Any CPU.ActiveCfg = Debug|Any CPU
		{D4DACB9A-7AD1-4F62-9FD0-09E0E4C488F8}.Debug|Any CPU.Build.0 = Debug|Any CPU
		{D4DACB9A-7AD1-4F62-9FD0-09E0E4C488F8}.Release|Any CPU.ActiveCfg = Release|Any CPU
		{D4DACB9A-7AD1-4F62-9FD0-09E0E4C488F8}.Release|Any CPU.Build.0 = Release|Any CPU
		{788FD5DE-CD4A-4C8B-BCC6-3960BF99B199}.Debug|Any CPU.ActiveCfg = Debug|Any CPU
		{788FD5DE-CD4A-4C8B-BCC6-3960BF99B199}.Debug|Any CPU.Build.0 = Debug|Any CPU
		{788FD5DE-CD4A-4C8B-BCC6-3960BF99B199}.Release|Any CPU.ActiveCfg = Release|Any CPU
		{788FD5DE-CD4A-4C8B-BCC6-3960BF99B199}.Release|Any CPU.Build.0 = Release|Any CPU
	EndGlobalSection
	GlobalSection(SolutionProperties) = preSolution
		HideSolutionNode = FALSE
	EndGlobalSection
	GlobalSection(ExtensibilityGlobals) = postSolution
		SolutionGuid = {5142FD98-B9CD-46EC-9C01-30724A74A2C6}
	EndGlobalSection
EndGlobal
